
Microsoft Visual Studio Solution File, Format Version 12.00
# Visual Studio Version 16
VisualStudioVersion = 16.0.30114.105
MinimumVisualStudioVersion = 10.0.40219.1
Project("{FAE04EC0-301F-11D3-BF4B-00C04F79EFBC}") = "API", "API\API.csproj", "{D8B5E1AD-65B4-4474-B82E-1FACCFDDBFD0}"
EndProject
Project("{FAE04EC0-301F-11D3-BF4B-00C04F79EFBC}") = "Core", "Core\Core.csproj", "{217F1049-0036-45AA-98E5-A799D4490A34}"
EndProject
Project("{FAE04EC0-301F-11D3-BF4B-00C04F79EFBC}") = "Infraestructure", "Infraestructure\Infraestructure.csproj", "{8225262C-4B1F-4CCA-AB82-6D5CF702B54A}"
EndProject
Global
	GlobalSection(SolutionConfigurationPlatforms) = preSolution
		Debug|Any CPU = Debug|Any CPU
		Release|Any CPU = Release|Any CPU
	EndGlobalSection
	GlobalSection(SolutionProperties) = preSolution
		HideSolutionNode = FALSE
	EndGlobalSection
	GlobalSection(ProjectConfigurationPlatforms) = postSolution
		{D8B5E1AD-65B4-4474-B82E-1FACCFDDBFD0}.Debug|Any CPU.ActiveCfg = Debug|Any CPU
		{D8B5E1AD-65B4-4474-B82E-1FACCFDDBFD0}.Debug|Any CPU.Build.0 = Debug|Any CPU
		{D8B5E1AD-65B4-4474-B82E-1FACCFDDBFD0}.Release|Any CPU.ActiveCfg = Release|Any CPU
		{D8B5E1AD-65B4-4474-B82E-1FACCFDDBFD0}.Release|Any CPU.Build.0 = Release|Any CPU
		{217F1049-0036-45AA-98E5-A799D4490A34}.Debug|Any CPU.ActiveCfg = Debug|Any CPU
		{217F1049-0036-45AA-98E5-A799D4490A34}.Debug|Any CPU.Build.0 = Debug|Any CPU
		{217F1049-0036-45AA-98E5-A799D4490A34}.Release|Any CPU.ActiveCfg = Release|Any CPU
		{217F1049-0036-45AA-98E5-A799D4490A34}.Release|Any CPU.Build.0 = Release|Any CPU
		{8225262C-4B1F-4CCA-AB82-6D5CF702B54A}.Debug|Any CPU.ActiveCfg = Debug|Any CPU
		{8225262C-4B1F-4CCA-AB82-6D5CF702B54A}.Debug|Any CPU.Build.0 = Debug|Any CPU
		{8225262C-4B1F-4CCA-AB82-6D5CF702B54A}.Release|Any CPU.ActiveCfg = Release|Any CPU
		{8225262C-4B1F-4CCA-AB82-6D5CF702B54A}.Release|Any CPU.Build.0 = Release|Any CPU
	EndGlobalSection
EndGlobal
